
Microsoft Visual Studio Solution File, Format Version 12.00
# Visual Studio Version 18
VisualStudioVersion = 18.1.11304.174
MinimumVisualStudioVersion = 10.0.40219.1
Project("{FAE04EC0-301F-11D3-BF4B-00C04F79EFBC}") = "StoreZoneV2API.Domain", "StoreZoneV2API.Domain\StoreZoneV2API.Domain.csproj", "{1139841C-A270-7358-F07E-599D74AA3A6F}"
EndProject
Project("{FAE04EC0-301F-11D3-BF4B-00C04F79EFBC}") = "StoreZoneV2API.Application", "StoreZoneV2API.Application\StoreZoneV2API.Application.csproj", "{C73CB86E-0079-928D-578F-60E8CE22342D}"
EndProject
Project("{FAE04EC0-301F-11D3-BF4B-00C04F79EFBC}") = "StoreZoneV2API.Infrastructure", "StoreZoneV2API.Infrastructure\StoreZoneV2API.Infrastructure.csproj", "{184CF3CF-B94A-7938-40B8-F60980051B94}"
EndProject
Project("{FAE04EC0-301F-11D3-BF4B-00C04F79EFBC}") = "StoreZoneV2API.Web", "StoreZoneV2API.Web\StoreZoneV2API.Web.csproj", "{E303A78D-B053-4D85-8A49-F48F5F290DE6}"
EndProject
Global
	GlobalSection(SolutionConfigurationPlatforms) = preSolution
		Debug|Any CPU = Debug|Any CPU
		Release|Any CPU = Release|Any CPU
	EndGlobalSection
	GlobalSection(ProjectConfigurationPlatforms) = postSolution
		{1139841C-A270-7358-F07E-599D74AA3A6F}.Debug|Any CPU.ActiveCfg = Debug|Any CPU
		{1139841C-A270-7358-F07E-599D74AA3A6F}.Debug|Any CPU.Build.0 = Debug|Any CPU
		{1139841C-A270-7358-F07E-599D74AA3A6F}.Release|Any CPU.ActiveCfg = Release|Any CPU
		{1139841C-A270-7358-F07E-599D74AA3A6F}.Release|Any CPU.Build.0 = Release|Any CPU
		{C73CB86E-0079-928D-578F-60E8CE22342D}.Debug|Any CPU.ActiveCfg = Debug|Any CPU
		{C73CB86E-0079-928D-578F-60E8CE22342D}.Debug|Any CPU.Build.0 = Debug|Any CPU
		{C73CB86E-0079-928D-578F-60E8CE22342D}.Release|Any CPU.ActiveCfg = Release|Any CPU
		{C73CB86E-0079-928D-578F-60E8CE22342D}.Release|Any CPU.Build.0 = Release|Any CPU
		{184CF3CF-B94A-7938-40B8-F60980051B94}.Debug|Any CPU.ActiveCfg = Debug|Any CPU
		{184CF3CF-B94A-7938-40B8-F60980051B94}.Debug|Any CPU.Build.0 = Debug|Any CPU
		{184CF3CF-B94A-7938-40B8-F60980051B94}.Release|Any CPU.ActiveCfg = Release|Any CPU
		{184CF3CF-B94A-7938-40B8-F60980051B94}.Release|Any CPU.Build.0 = Release|Any CPU
		{E303A78D-B053-4D85-8A49-F48F5F290DE6}.Debug|Any CPU.ActiveCfg = Debug|Any CPU
		{E303A78D-B053-4D85-8A49-F48F5F290DE6}.Debug|Any CPU.Build.0 = Debug|Any CPU
		{E303A78D-B053-4D85-8A49-F48F5F290DE6}.Release|Any CPU.ActiveCfg = Release|Any CPU
		{E303A78D-B053-4D85-8A49-F48F5F290DE6}.Release|Any CPU.Build.0 = Release|Any CPU
	EndGlobalSection
	GlobalSection(SolutionProperties) = preSolution
		HideSolutionNode = FALSE
	EndGlobalSection
	GlobalSection(ExtensibilityGlobals) = postSolution
		SolutionGuid = {365CADCA-D0E0-41C9-861E-EF3FABA713E2}
	EndGlobalSection
EndGlobal
